{
  "name": "fireseed-trilogy",
  "version": "0.2.7c",
  "lockfileVersion": 3,
  "requires": true,
  "packages": {
    "": {
      "name": "fireseed-trilogy",
      "version": "0.2.7c",
      "license": "MIT",
      "devDependencies": {
        "@ipld/dag-cbor": "^9.0.0",
        "@noble/ed25519": "^2.0.0",
        "@noble/hashes": "^1.4.0",
        "json-canonicalize": "^1.0.6",
        "multiformats": "^12.1.0"
      }
    },
    "node_modules/@ipld/dag-cbor": {
      "version": "9.2.5",
      "resolved": "https://registry.npmjs.org/@ipld/dag-cbor/-/dag-cbor-9.2.5.tgz",
      "integrity": "sha512-84wSr4jv30biui7endhobYhXBQzQE4c/wdoWlFrKcfiwH+ofaPg8fwsM8okX9cOzkkrsAsNdDyH3ou+kiLquwQ==",
      "dev": true,
      "license": "Apache-2.0 OR MIT",
      "dependencies": {
        "cborg": "^4.0.0",
        "multiformats": "^13.1.0"
      },
      "engines": {
        "node": ">=16.0.0",
        "npm": ">=7.0.0"
      }
    },
    "node_modules/@ipld/dag-cbor/node_modules/multiformats": {
      "version": "13.4.1",
      "resolved": "https://registry.npmjs.org/multiformats/-/multiformats-13.4.1.tgz",
      "integrity": "sha512-VqO6OSvLrFVAYYjgsr8tyv62/rCQhPgsZUXLTqoFLSgdkgiUYKYeArbt1uWLlEpkjxQe+P0+sHlbPEte1Bi06Q==",
      "dev": true,
      "license": "Apache-2.0 OR MIT"
    },
    "node_modules/@noble/ed25519": {
      "version": "2.3.0",
      "resolved": "https://registry.npmjs.org/@noble/ed25519/-/ed25519-2.3.0.tgz",
      "integrity": "sha512-M7dvXL2B92/M7dw9+gzuydL8qn/jiqNHaoR3Q+cb1q1GHV7uwE17WCyFMG+Y+TZb5izcaXk5TdJRrDUxHXL78A==",
      "dev": true,
      "license": "MIT",
      "funding": {
        "url": "https://paulmillr.com/funding/"
      }
    },
    "node_modules/@noble/hashes": {
      "version": "1.8.0",
      "resolved": "https://registry.npmjs.org/@noble/hashes/-/hashes-1.8.0.tgz",
      "integrity": "sha512-jCs9ldd7NwzpgXDIf6P3+NrHh9/sD6CQdxHyjQI+h/6rDNo88ypBxxz45UDuZHz9r3tNz7N/VInSVoVdtXEI4A==",
      "dev": true,
      "license": "MIT",
      "engines": {
        "node": "^14.21.3 || >=16"
      },
      "funding": {
        "url": "https://paulmillr.com/funding/"
      }
    },
    "node_modules/cborg": {
      "version": "4.3.0",
      "resolved": "https://registry.npmjs.org/cborg/-/cborg-4.3.0.tgz",
      "integrity": "sha512-vOXo1pB4mdeBw3LbpoynQlZNw/H3kZVHLtPYlp8kFMreL/2YfT54F70BM1s3iDoCtQ+3C9QmiRF4rfCSSTlhBw==",
      "dev": true,
      "license": "Apache-2.0",
      "bin": {
        "cborg": "lib/bin.js"
      }
    },
    "node_modules/json-canonicalize": {
      "version": "1.2.0",
      "resolved": "https://registry.npmjs.org/json-canonicalize/-/json-canonicalize-1.2.0.tgz",
      "integrity": "sha512-TTdjBvqrqJKSADlEsY5rWbx8/1tOrVlTR/aSLU8N2VSInCTffP0p+byYB8Es+OmL4ZOeEftjUdvV+eJeSzJC/Q==",
      "dev": true,
      "license": "MIT"
    },
    "node_modules/multiformats": {
      "version": "12.1.3",
      "resolved": "https://registry.npmjs.org/multiformats/-/multiformats-12.1.3.tgz",
      "integrity": "sha512-eajQ/ZH7qXZQR2AgtfpmSMizQzmyYVmCql7pdhldPuYQi4atACekbJaQplk6dWyIi10jCaFnd6pqvcEFXjbaJw==",
      "dev": true,
      "license": "Apache-2.0 OR MIT",
      "engines": {
        "node": ">=16.0.0",
        "npm": ">=7.0.0"
      }
    }
  }
}
